
Microsoft Visual Studio Solution File, Format Version 12.00
# Visual Studio Version 17
VisualStudioVersion = 17.8.34316.72
MinimumVisualStudioVersion = 10.0.40219.1
Project("{FAE04EC0-301F-11D3-BF4B-00C04F79EFBC}") = "SocialNetwork", "SocialNetwork.csproj", "{69DA535D-235B-4E0E-A017-C916E78E9CB0}"
EndProject
Global
	GlobalSection(SolutionConfigurationPlatforms) = preSolution
		Debug|Any CPU = Debug|Any CPU
		Release|Any CPU = Release|Any CPU
	EndGlobalSection
	GlobalSection(ProjectConfigurationPlatforms) = postSolution
		{69DA535D-235B-4E0E-A017-C916E78E9CB0}.Debug|Any CPU.ActiveCfg = Debug|Any CPU
		{69DA535D-235B-4E0E-A017-C916E78E9CB0}.Debug|Any CPU.Build.0 = Debug|Any CPU
		{69DA535D-235B-4E0E-A017-C916E78E9CB0}.Release|Any CPU.ActiveCfg = Release|Any CPU
		{69DA535D-235B-4E0E-A017-C916E78E9CB0}.Release|Any CPU.Build.0 = Release|Any CPU
	EndGlobalSection
	GlobalSection(SolutionProperties) = preSolution
		HideSolutionNode = FALSE
	EndGlobalSection
	GlobalSection(ExtensibilityGlobals) = postSolution
		SolutionGuid = {8362899C-CBD2-4671-84E0-117DC4EAC719}
	EndGlobalSection
EndGlobal
